
Microsoft Visual Studio Solution File, Format Version 12.00
# Visual Studio Version 17
VisualStudioVersion = 17.2.32516.85
MinimumVisualStudioVersion = 10.0.40219.1
Project("{FAE04EC0-301F-11D3-BF4B-00C04F79EFBC}") = "test", "test\test.csproj", "{11CF77EA-12EA-42D5-B207-EF704A5A6C2D}"
EndProject
Global
	GlobalSection(SolutionConfigurationPlatforms) = preSolution
		Debug|Any CPU = Debug|Any CPU
		Release|Any CPU = Release|Any CPU
	EndGlobalSection
	GlobalSection(ProjectConfigurationPlatforms) = postSolution
		{11CF77EA-12EA-42D5-B207-EF704A5A6C2D}.Debug|Any CPU.ActiveCfg = Debug|Any CPU
		{11CF77EA-12EA-42D5-B207-EF704A5A6C2D}.Debug|Any CPU.Build.0 = Debug|Any CPU
		{11CF77EA-12EA-42D5-B207-EF704A5A6C2D}.Release|Any CPU.ActiveCfg = Release|Any CPU
		{11CF77EA-12EA-42D5-B207-EF704A5A6C2D}.Release|Any CPU.Build.0 = Release|Any CPU
	EndGlobalSection
	GlobalSection(SolutionProperties) = preSolution
		HideSolutionNode = FALSE
	EndGlobalSection
	GlobalSection(ExtensibilityGlobals) = postSolution
		SolutionGuid = {4DDE51E6-6BE3-406A-A33E-7CED5286E87C}
	EndGlobalSection
EndGlobal
